
Microsoft Visual Studio Solution File, Format Version 12.00
# Visual Studio Version 17
VisualStudioVersion = 17.1.32228.430
MinimumVisualStudioVersion = 10.0.40219.1
Project("{2150E333-8FDC-42A3-9474-1A3956D46DE8}") = "src", "src", "{A7AA7FF4-F05D-4EF5-926A-A38C493860DF}"
EndProject
Project("{FAE04EC0-301F-11D3-BF4B-00C04F79EFBC}") = "DevFreela.Payments.API", "src\DevFreela.Payments.API\DevFreela.Payments.API.csproj", "{5C134A7D-0636-436D-BBF1-8B610EDCD192}"
EndProject
Global
	GlobalSection(SolutionConfigurationPlatforms) = preSolution
		Debug|Any CPU = Debug|Any CPU
		Release|Any CPU = Release|Any CPU
	EndGlobalSection
	GlobalSection(ProjectConfigurationPlatforms) = postSolution
		{5C134A7D-0636-436D-BBF1-8B610EDCD192}.Debug|Any CPU.ActiveCfg = Debug|Any CPU
		{5C134A7D-0636-436D-BBF1-8B610EDCD192}.Debug|Any CPU.Build.0 = Debug|Any CPU
		{5C134A7D-0636-436D-BBF1-8B610EDCD192}.Release|Any CPU.ActiveCfg = Release|Any CPU
		{5C134A7D-0636-436D-BBF1-8B610EDCD192}.Release|Any CPU.Build.0 = Release|Any CPU
	EndGlobalSection
	GlobalSection(SolutionProperties) = preSolution
		HideSolutionNode = FALSE
	EndGlobalSection
	GlobalSection(NestedProjects) = preSolution
		{5C134A7D-0636-436D-BBF1-8B610EDCD192} = {A7AA7FF4-F05D-4EF5-926A-A38C493860DF}
	EndGlobalSection
	GlobalSection(ExtensibilityGlobals) = postSolution
		SolutionGuid = {4CC561EC-9253-4878-83AF-6B4D65193D26}
	EndGlobalSection
EndGlobal
